{
  "requires": true,
  "lockfileVersion": 1,
  "dependencies": {
    "react-native-dynamic-search-bar": {
      "version": "0.1.11",
      "resolved": "https://registry.npmjs.org/react-native-dynamic-search-bar/-/react-native-dynamic-search-bar-0.1.11.tgz",
      "integrity": "sha512-7A1XDnrvCAFncjR5jVDzUmiK74jbV0E7mtVB0vMjdTzV+dxzvWNUEqW3zlFH1krjI4tMI3Mz7SLmgZeqjP4MYw=="
    },
    "whatwg-fetch": {
      "version": "2.0.4",
      "resolved": "https://registry.npmjs.org/whatwg-fetch/-/whatwg-fetch-2.0.4.tgz",
      "integrity": "sha512-dcQ1GWpOD/eEQ97k66aiEVpNnapVj90/+R+SXTPYGHpYBBypfKJEQjLrvMZ7YXbKm21gXd4NcuxUTjiv1YtLng=="
    }
  }
}
